// !$*UTF8*$!
{
	archiveVersion = 1;
	classes = {
	};
	objectVersion = 51;
	objects = {

/* Begin PBXBuildFile section */
		6BDBBDDDDA80CACBAACABC07 /* Pods_flixsterTests.framework in Frameworks */ = {isa = PBXBuildFile; fileRef = 4EFAAB91F946F98D819B12E9 /* Pods_flixsterTests.framework */; };
		6FB8610B10F0A0723598C276 /* Pods_flixster.framework in Frameworks */ = {isa = PBXBuildFile; fileRef = C3BBC5A7CF5DDCCD7466CF58 /* Pods_flixster.framework */; };
		D8B8F15364F56A984643DE41 /* Pods_flixster_flixsterUITests.framework in Frameworks */ = {isa = PBXBuildFile; fileRef = 7BBE796B867687163DAEA3E9 /* Pods_flixster_flixsterUITests.framework */; };
		F071A2D025AEF39500335B91 /* MovieDetailsViewController.swift in Sources */ = {isa = PBXBuildFile; fileRef = F071A2CF25AEF39500335B91 /* MovieDetailsViewController.swift */; };
		F071A2D525AEFC1300335B91 /* MovieGridViewController.swift in Sources */ = {isa = PBXBuildFile; fileRef = F071A2D425AEFC1300335B91 /* MovieGridViewController.swift */; };
		F071A2DA25AF088600335B91 /* MovieGridCell.swift in Sources */ = {isa = PBXBuildFile; fileRef = F071A2D925AF088600335B91 /* MovieGridCell.swift */; };
		F0FF029725A9F767005ED948 /* AppDelegate.swift in Sources */ = {isa = PBXBuildFile; fileRef = F0FF029625A9F767005ED948 /* AppDelegate.swift */; };
		F0FF029925A9F767005ED948 /* SceneDelegate.swift in Sources */ = {isa = PBXBuildFile; fileRef = F0FF029825A9F767005ED948 /* SceneDelegate.swift */; };
		F0FF029E25A9F767005ED948 /* Main.storyboard in Resources */ = {isa = PBXBuildFile; fileRef = F0FF029C25A9F767005ED948 /* Main.storyboard */; };
		F0FF02A025A9F769005ED948 /* Assets.xcassets in Resources */ = {isa = PBXBuildFile; fileRef = F0FF029F25A9F769005ED948 /* Assets.xcassets */; };
		F0FF02A325A9F769005ED948 /* LaunchScreen.storyboard in Resources */ = {isa = PBXBuildFile; fileRef = F0FF02A125A9F769005ED948 /* LaunchScreen.storyboard */; };
		F0FF02AE25A9F769005ED948 /* flixsterTests.swift in Sources */ = {isa = PBXBuildFile; fileRef = F0FF02AD25A9F769005ED948 /* flixsterTests.swift */; };
		F0FF02B925A9F769005ED948 /* flixsterUITests.swift in Sources */ = {isa = PBXBuildFile; fileRef = F0FF02B825A9F769005ED948 /* flixsterUITests.swift */; };
		F0FF02DA25A9FE49005ED948 /* MoviesViewController.swift in Sources */ = {isa = PBXBuildFile; fileRef = F0FF02D925A9FE49005ED948 /* MoviesViewController.swift */; };
		F0FF02E225AA06FA005ED948 /* MovieCell.swift in Sources */ = {isa = PBXBuildFile; fileRef = F0FF02E125AA06FA005ED948 /* MovieCell.swift */; };
/* End PBXBuildFile section */

/* Begin PBXContainerItemProxy section */
		F0FF02AA25A9F769005ED948 /* PBXContainerItemProxy */ = {
			isa = PBXContainerItemProxy;
			containerPortal = F0FF028B25A9F767005ED948 /* Project object */;
			proxyType = 1;
			remoteGlobalIDString = F0FF029225A9F767005ED948;
			remoteInfo = flixster;
		};
		F0FF02B525A9F769005ED948 /* PBXContainerItemProxy */ = {
			isa = PBXContainerItemProxy;
			containerPortal = F0FF028B25A9F767005ED948 /* Project object */;
			proxyType = 1;
			remoteGlobalIDString = F0FF029225A9F767005ED948;
			remoteInfo = flixster;
		};
/* End PBXContainerItemProxy section */

/* Begin PBXFileReference section */
		4EFAAB91F946F98D819B12E9 /* Pods_flixsterTests.framework */ = {isa = PBXFileReference; explicitFileType = wrapper.framework; includeInIndex = 0; path = Pods_flixsterTests.framework; sourceTree = BUILT_PRODUCTS_DIR; };
		584E0EA6F2F7D960A765CE12 /* Pods-flixster-flixsterUITests.debug.xcconfig */ = {isa = PBXFileReference; includeInIndex = 1; lastKnownFileType = text.xcconfig; name = "Pods-flixster-flixsterUITests.debug.xcconfig"; path = "Target Support Files/Pods-flixster-flixsterUITests/Pods-flixster-flixsterUITests.debug.xcconfig"; sourceTree = "<group>"; };
		7BBE796B867687163DAEA3E9 /* Pods_flixster_flixsterUITests.framework */ = {isa = PBXFileReference; explicitFileType = wrapper.framework; includeInIndex = 0; path = Pods_flixster_flixsterUITests.framework; sourceTree = BUILT_PRODUCTS_DIR; };
		96A33556F02A933FD2777C95 /* Pods-flixsterTests.release.xcconfig */ = {isa = PBXFileReference; includeInIndex = 1; lastKnownFileType = text.xcconfig; name = "Pods-flixsterTests.release.xcconfig"; path = "Target Support Files/Pods-flixsterTests/Pods-flixsterTests.release.xcconfig"; sourceTree = "<group>"; };
		9CFD4530F8BBF48C1A20E923 /* Pods-flixsterTests.debug.xcconfig */ = {isa = PBXFileReference; includeInIndex = 1; lastKnownFileType = text.xcconfig; name = "Pods-flixsterTests.debug.xcconfig"; path = "Target Support Files/Pods-flixsterTests/Pods-flixsterTests.debug.xcconfig"; sourceTree = "<group>"; };
		C3BBC5A7CF5DDCCD7466CF58 /* Pods_flixster.framework */ = {isa = PBXFileReference; explicitFileType = wrapper.framework; includeInIndex = 0; path = Pods_flixster.framework; sourceTree = BUILT_PRODUCTS_DIR; };
		D3C52B77015606BB63CADDD1 /* Pods-flixster-flixsterUITests.release.xcconfig */ = {isa = PBXFileReference; includeInIndex = 1; lastKnownFileType = text.xcconfig; name = "Pods-flixster-flixsterUITests.release.xcconfig"; path = "Target Support Files/Pods-flixster-flixsterUITests/Pods-flixster-flixsterUITests.release.xcconfig"; sourceTree = "<group>"; };
		D9E82523A2757C6E55674758 /* Pods-flixster.release.xcconfig */ = {isa = PBXFileReference; includeInIndex = 1; lastKnownFileType = text.xcconfig; name = "Pods-flixster.release.xcconfig"; path = "Target Support Files/Pods-flixster/Pods-flixster.release.xcconfig"; sourceTree = "<group>"; };
		F071A2CF25AEF39500335B91 /* MovieDetailsViewController.swift */ = {isa = PBXFileReference; lastKnownFileType = sourcecode.swift; path = MovieDetailsViewController.swift; sourceTree = "<group>"; };
		F071A2D425AEFC1300335B91 /* MovieGridViewController.swift */ = {isa = PBXFileReference; lastKnownFileType = sourcecode.swift; path = MovieGridViewController.swift; sourceTree = "<group>"; };
		F071A2D925AF088600335B91 /* MovieGridCell.swift */ = {isa = PBXFileReference; lastKnownFileType = sourcecode.swift; path = MovieGridCell.swift; sourceTree = "<group>"; };
		F0FF029325A9F767005ED948 /* flixster.app */ = {isa = PBXFileReference; explicitFileType = wrapper.application; includeInIndex = 0; path = flixster.app; sourceTree = BUILT_PRODUCTS_DIR; };
		F0FF029625A9F767005ED948 /* AppDelegate.swift */ = {isa = PBXFileReference; lastKnownFileType = sourcecode.swift; path = AppDelegate.swift; sourceTree = "<group>"; };
		F0FF029825A9F767005ED948 /* SceneDelegate.swift */ = {isa = PBXFileReference; lastKnownFileType = sourcecode.swift; path = SceneDelegate.swift; sourceTree = "<group>"; };
		F0FF029D25A9F767005ED948 /* Base */ = {isa = PBXFileReference; lastKnownFileType = file.storyboard; name = Base; path = Base.lproj/Main.storyboard; sourceTree = "<group>"; };
		F0FF029F25A9F769005ED948 /* Assets.xcassets */ = {isa = PBXFileReference; lastKnownFileType = folder.assetcatalog; path = Assets.xcassets; sourceTree = "<group>"; };
		F0FF02A225A9F769005ED948 /* Base */ = {isa = PBXFileReference; lastKnownFileType = file.storyboard; name = Base; path = Base.lproj/LaunchScreen.storyboard; sourceTree = "<group>"; };
		F0FF02A425A9F769005ED948 /* Info.plist */ = {isa = PBXFileReference; lastKnownFileType = text.plist.xml; path = Info.plist; sourceTree = "<group>"; };
		F0FF02A925A9F769005ED948 /* flixsterTests.xctest */ = {isa = PBXFileReference; explicitFileType = wrapper.cfbundle; includeInIndex = 0; path = flixsterTests.xctest; sourceTree = BUILT_PRODUCTS_DIR; };
		F0FF02AD25A9F769005ED948 /* flixsterTests.swift */ = {isa = PBXFileReference; lastKnownFileType = sourcecode.swift; path = flixsterTests.swift; sourceTree = "<group>"; };
		F0FF02AF25A9F769005ED948 /* Info.plist */ = {isa = PBXFileReference; lastKnownFileType = text.plist.xml; path = Info.plist; sourceTree = "<group>"; };
		F0FF02B425A9F769005ED948 /* flixsterUITests.xctest */ = {isa = PBXFileReference; explicitFileType = wrapper.cfbundle; includeInIndex = 0; path = flixsterUITests.xctest; sourceTree = BUILT_PRODUCTS_DIR; };
		F0FF02B825A9F769005ED948 /* flixsterUITests.swift */ = {isa = PBXFileReference; lastKnownFileType = sourcecode.swift; path = flixsterUITests.swift; sourceTree = "<group>"; };
		F0FF02BA25A9F769005ED948 /* Info.plist */ = {isa = PBXFileReference; lastKnownFileType = text.plist.xml; path = Info.plist; sourceTree = "<group>"; };
		F0FF02D925A9FE49005ED948 /* MoviesViewController.swift */ = {isa = PBXFileReference; lastKnownFileType = sourcecode.swift; path = MoviesViewController.swift; sourceTree = "<group>"; };
		F0FF02E125AA06FA005ED948 /* MovieCell.swift */ = {isa = PBXFileReference; lastKnownFileType = sourcecode.swift; path = MovieCell.swift; sourceTree = "<group>"; };
		F0FF02E625AA1004005ED948 /* README.md */ = {isa = PBXFileReference; lastKnownFileType = net.daringfireball.markdown; path = README.md; sourceTree = "<group>"; };
		F11637211F2E465E43B48CDD /* Pods-flixster.debug.xcconfig */ = {isa = PBXFileReference; includeInIndex = 1; lastKnownFileType = text.xcconfig; name = "Pods-flixster.debug.xcconfig"; path = "Target Support Files/Pods-flixster/Pods-flixster.debug.xcconfig"; sourceTree = "<group>"; };
/* End PBXFileReference section */

/* Begin PBXFrameworksBuildPhase section */
		F0FF029025A9F767005ED948 /* Frameworks */ = {
			isa = PBXFrameworksBuildPhase;
			buildActionMask = 2147483647;
			files = (
				6FB8610B10F0A0723598C276 /* Pods_flixster.framework in Frameworks */,
			);
			runOnlyForDeploymentPostprocessing = 0;
		};
		F0FF02A625A9F769005ED948 /* Frameworks */ = {
			isa = PBXFrameworksBuildPhase;
			buildActionMask = 2147483647;
			files = (
				6BDBBDDDDA80CACBAACABC07 /* Pods_flixsterTests.framework in Frameworks */,
			);
			runOnlyForDeploymentPostprocessing = 0;
		};
		F0FF02B125A9F769005ED948 /* Frameworks */ = {
			isa = PBXFrameworksBuildPhase;
			buildActionMask = 2147483647;
			files = (
				D8B8F15364F56A984643DE41 /* Pods_flixster_flixsterUITests.framework in Frameworks */,
			);
			runOnlyForDeploymentPostprocessing = 0;
		};
/* End PBXFrameworksBuildPhase section */

/* Begin PBXGroup section */
		1D6798D8F97F20DAE0C4FDD9 /* Frameworks */ = {
			isa = PBXGroup;
			children = (
				C3BBC5A7CF5DDCCD7466CF58 /* Pods_flixster.framework */,
				7BBE796B867687163DAEA3E9 /* Pods_flixster_flixsterUITests.framework */,
				4EFAAB91F946F98D819B12E9 /* Pods_flixsterTests.framework */,
			);
			name = Frameworks;
			sourceTree = "<group>";
		};
		3AF8408AF55B9014EB4AC5F4 /* Pods */ = {
			isa = PBXGroup;
			children = (
				F11637211F2E465E43B48CDD /* Pods-flixster.debug.xcconfig */,
				D9E82523A2757C6E55674758 /* Pods-flixster.release.xcconfig */,
				584E0EA6F2F7D960A765CE12 /* Pods-flixster-flixsterUITests.debug.xcconfig */,
				D3C52B77015606BB63CADDD1 /* Pods-flixster-flixsterUITests.release.xcconfig */,
				9CFD4530F8BBF48C1A20E923 /* Pods-flixsterTests.debug.xcconfig */,
				96A33556F02A933FD2777C95 /* Pods-flixsterTests.release.xcconfig */,
			);
			path = Pods;
			sourceTree = "<group>";
		};
		F0FF028A25A9F767005ED948 = {
			isa = PBXGroup;
			children = (
				F0FF02E625AA1004005ED948 /* README.md */,
				F0FF029525A9F767005ED948 /* flixster */,
				F0FF02AC25A9F769005ED948 /* flixsterTests */,
				F0FF02B725A9F769005ED948 /* flixsterUITests */,
				F0FF029425A9F767005ED948 /* Products */,
				3AF8408AF55B9014EB4AC5F4 /* Pods */,
				1D6798D8F97F20DAE0C4FDD9 /* Frameworks */,
			);
			sourceTree = "<group>";
		};
		F0FF029425A9F767005ED948 /* Products */ = {
			isa = PBXGroup;
			children = (
				F0FF029325A9F767005ED948 /* flixster.app */,
				F0FF02A925A9F769005ED948 /* flixsterTests.xctest */,
				F0FF02B425A9F769005ED948 /* flixsterUITests.xctest */,
			);
			name = Products;
			sourceTree = "<group>";
		};
		F0FF029525A9F767005ED948 /* flixster */ = {
			isa = PBXGroup;
			children = (
				F0FF029625A9F767005ED948 /* AppDelegate.swift */,
				F0FF029825A9F767005ED948 /* SceneDelegate.swift */,
				F0FF029C25A9F767005ED948 /* Main.storyboard */,
				F0FF029F25A9F769005ED948 /* Assets.xcassets */,
				F0FF02A125A9F769005ED948 /* LaunchScreen.storyboard */,
				F0FF02A425A9F769005ED948 /* Info.plist */,
				F0FF02D925A9FE49005ED948 /* MoviesViewController.swift */,
				F0FF02E125AA06FA005ED948 /* MovieCell.swift */,
				F071A2CF25AEF39500335B91 /* MovieDetailsViewController.swift */,
				F071A2D425AEFC1300335B91 /* MovieGridViewController.swift */,
				F071A2D925AF088600335B91 /* MovieGridCell.swift */,
			);
			path = flixster;
			sourceTree = "<group>";
		};
		F0FF02AC25A9F769005ED948 /* flixsterTests */ = {
			isa = PBXGroup;
			children = (
				F0FF02AD25A9F769005ED948 /* flixsterTests.swift */,
				F0FF02AF25A9F769005ED948 /* Info.plist */,
			);
			path = flixsterTests;
			sourceTree = "<group>";
		};
		F0FF02B725A9F769005ED948 /* flixsterUITests */ = {
			isa = PBXGroup;
			children = (
				F0FF02B825A9F769005ED948 /* flixsterUITests.swift */,
				F0FF02BA25A9F769005ED948 /* Info.plist */,
			);
			path = flixsterUITests;
			sourceTree = "<group>";
		};
/* End PBXGroup section */

/* Begin PBXNativeTarget section */
		F0FF029225A9F767005ED948 /* flixster */ = {
			isa = PBXNativeTarget;
			buildConfigurationList = F0FF02BD25A9F769005ED948 /* Build configuration list for PBXNativeTarget "flixster" */;
			buildPhases = (
				E1944541C01129F0EBAF4C69 /* [CP] Check Pods Manifest.lock */,
				F0FF028F25A9F767005ED948 /* Sources */,
				F0FF029025A9F767005ED948 /* Frameworks */,
				F0FF029125A9F767005ED948 /* Resources */,
				A7C60BBC72A9E5523CCB083D /* [CP] Embed Pods Frameworks */,
			);
			buildRules = (
			);
			dependencies = (
			);
			name = flixster;
			productName = flixster;
			productReference = F0FF029325A9F767005ED948 /* flixster.app */;
			productType = "com.apple.product-type.application";
		};
		F0FF02A825A9F769005ED948 /* flixsterTests */ = {
			isa = PBXNativeTarget;
			buildConfigurationList = F0FF02C025A9F769005ED948 /* Build configuration list for PBXNativeTarget "flixsterTests" */;
			buildPhases = (
				41EF1CC09CCEFC51A2956390 /* [CP] Check Pods Manifest.lock */,
				F0FF02A525A9F769005ED948 /* Sources */,
				F0FF02A625A9F769005ED948 /* Frameworks */,
				F0FF02A725A9F769005ED948 /* Resources */,
			);
			buildRules = (
			);
			dependencies = (
				F0FF02AB25A9F769005ED948 /* PBXTargetDependency */,
			);
			name = flixsterTests;
			productName = flixsterTests;
			productReference = F0FF02A925A9F769005ED948 /* flixsterTests.xctest */;
			productType = "com.apple.product-type.bundle.unit-test";
		};
		F0FF02B325A9F769005ED948 /* flixsterUITests */ = {
			isa = PBXNativeTarget;
			buildConfigurationList = F0FF02C325A9F769005ED948 /* Build configuration list for PBXNativeTarget "flixsterUITests" */;
			buildPhases = (
				CFB3260F117A36A6ABA19FE6 /* [CP] Check Pods Manifest.lock */,
				F0FF02B025A9F769005ED948 /* Sources */,
				F0FF02B125A9F769005ED948 /* Frameworks */,
				F0FF02B225A9F769005ED948 /* Resources */,
				19A87E752D542E58E17B0A50 /* [CP] Embed Pods Frameworks */,
			);
			buildRules = (
			);
			dependencies = (
				F0FF02B625A9F769005ED948 /* PBXTargetDependency */,
			);
			name = flixsterUITests;
			productName = flixsterUITests;
			productReference = F0FF02B425A9F769005ED948 /* flixsterUITests.xctest */;
			productType = "com.apple.product-type.bundle.ui-testing";
		};
/* End PBXNativeTarget section */

/* Begin PBXProject section */
		F0FF028B25A9F767005ED948 /* Project object */ = {
			isa = PBXProject;
			attributes = {
				LastSwiftUpdateCheck = 1230;
				LastUpgradeCheck = 1230;
				TargetAttributes = {
					F0FF029225A9F767005ED948 = {
						CreatedOnToolsVersion = 12.3;
					};
					F0FF02A825A9F769005ED948 = {
						CreatedOnToolsVersion = 12.3;
						TestTargetID = F0FF029225A9F767005ED948;
					};
					F0FF02B325A9F769005ED948 = {
						CreatedOnToolsVersion = 12.3;
						TestTargetID = F0FF029225A9F767005ED948;
					};
				};
			};
			buildConfigurationList = F0FF028E25A9F767005ED948 /* Build configuration list for PBXProject "flixster" */;
			compatibilityVersion = "Xcode 9.3";
			developmentRegion = en;
			hasScannedForEncodings = 0;
			knownRegions = (
				en,
				Base,
			);
			mainGroup = F0FF028A25A9F767005ED948;
			productRefGroup = F0FF029425A9F767005ED948 /* Products */;
			projectDirPath = "";
			projectRoot = "";
			targets = (
				F0FF029225A9F767005ED948 /* flixster */,
				F0FF02A825A9F769005ED948 /* flixsterTests */,
				F0FF02B325A9F769005ED948 /* flixsterUITests */,
			);
		};
/* End PBXProject section */

/* Begin PBXResourcesBuildPhase section */
		F0FF029125A9F767005ED948 /* Resources */ = {
			isa = PBXResourcesBuildPhase;
			buildActionMask = 2147483647;
			files = (
				F0FF02A325A9F769005ED948 /* LaunchScreen.storyboard in Resources */,
				F0FF02A025A9F769005ED948 /* Assets.xcassets in Resources */,
				F0FF029E25A9F767005ED948 /* Main.storyboard in Resources */,
			);
			runOnlyForDeploymentPostprocessing = 0;
		};
		F0FF02A725A9F769005ED948 /* Resources */ = {
			isa = PBXResourcesBuildPhase;
			buildActionMask = 2147483647;
			files = (
			);
			runOnlyForDeploymentPostprocessing = 0;
		};
		F0FF02B225A9F769005ED948 /* Resources */ = {
			isa = PBXResourcesBuildPhase;
			buildActionMask = 2147483647;
			files = (
			);
			runOnlyForDeploymentPostprocessing = 0;
		};
/* End PBXResourcesBuildPhase section */

/* Begin PBXShellScriptBuildPhase section */
		19A87E752D542E58E17B0A50 /* [CP] Embed Pods Frameworks */ = {
			isa = PBXShellScriptBuildPhase;
			buildActionMask = 2147483647;
			files = (
			);
			inputFileListPaths = (
				"${PODS_ROOT}/Target Support Files/Pods-flixster-flixsterUITests/Pods-flixster-flixsterUITests-frameworks-${CONFIGURATION}-input-files.xcfilelist",
			);
			name = "[CP] Embed Pods Frameworks";
			outputFileListPaths = (
				"${PODS_ROOT}/Target Support Files/Pods-flixster-flixsterUITests/Pods-flixster-flixsterUITests-frameworks-${CONFIGURATION}-output-files.xcfilelist",
			);
			runOnlyForDeploymentPostprocessing = 0;
			shellPath = /bin/sh;
			shellScript = "\"${PODS_ROOT}/Target Support Files/Pods-flixster-flixsterUITests/Pods-flixster-flixsterUITests-frameworks.sh\"\n";
			showEnvVarsInLog = 0;
		};
		41EF1CC09CCEFC51A2956390 /* [CP] Check Pods Manifest.lock */ = {
			isa = PBXShellScriptBuildPhase;
			buildActionMask = 2147483647;
			files = (
			);
			inputFileListPaths = (
			);
			inputPaths = (
				"${PODS_PODFILE_DIR_PATH}/Podfile.lock",
				"${PODS_ROOT}/Manifest.lock",
			);
			name = "[CP] Check Pods Manifest.lock";
			outputFileListPaths = (
			);
			outputPaths = (
				"$(DERIVED_FILE_DIR)/Pods-flixsterTests-checkManifestLockResult.txt",
			);
			runOnlyForDeploymentPostprocessing = 0;
			shellPath = /bin/sh;
			shellScript = "diff \"${PODS_PODFILE_DIR_PATH}/Podfile.lock\" \"${PODS_ROOT}/Manifest.lock\" > /dev/null\nif [ $? != 0 ] ; then\n    # print error to STDERR\n    echo \"error: The sandbox is not in sync with the Podfile.lock. Run 'pod install' or update your CocoaPods installation.\" >&2\n    exit 1\nfi\n# This output is used by Xcode 'outputs' to avoid re-running this script phase.\necho \"SUCCESS\" > \"${SCRIPT_OUTPUT_FILE_0}\"\n";
			showEnvVarsInLog = 0;
		};
		A7C60BBC72A9E5523CCB083D /* [CP] Embed Pods Frameworks */ = {
			isa = PBXShellScriptBuildPhase;
			buildActionMask = 2147483647;
			files = (
			);
			inputFileListPaths = (
				"${PODS_ROOT}/Target Support Files/Pods-flixster/Pods-flixster-frameworks-${CONFIGURATION}-input-files.xcfilelist",
			);
			name = "[CP] Embed Pods Frameworks";
			outputFileListPaths = (
				"${PODS_ROOT}/Target Support Files/Pods-flixster/Pods-flixster-frameworks-${CONFIGURATION}-output-files.xcfilelist",
			);
			runOnlyForDeploymentPostprocessing = 0;
			shellPath = /bin/sh;
			shellScript = "\"${PODS_ROOT}/Target Support Files/Pods-flixster/Pods-flixster-frameworks.sh\"\n";
			showEnvVarsInLog = 0;
		};
		CFB3260F117A36A6ABA19FE6 /* [CP] Check Pods Manifest.lock */ = {
			isa = PBXShellScriptBuildPhase;
			buildActionMask = 2147483647;
			files = (
			);
			inputFileListPaths = (
			);
			inputPaths = (
				"${PODS_PODFILE_DIR_PATH}/Podfile.lock",
				"${PODS_ROOT}/Manifest.lock",
			);
			name = "[CP] Check Pods Manifest.lock";
			outputFileListPaths = (
			);
			outputPaths = (
				"$(DERIVED_FILE_DIR)/Pods-flixster-flixsterUITests-checkManifestLockResult.txt",
			);
			runOnlyForDeploymentPostprocessing = 0;
			shellPath = /bin/sh;
			shellScript = "diff \"${PODS_PODFILE_DIR_PATH}/Podfile.lock\" \"${PODS_ROOT}/Manifest.lock\" > /dev/null\nif [ $? != 0 ] ; then\n    # print error to STDERR\n    echo \"error: The sandbox is not in sync with the Podfile.lock. Run 'pod install' or update your CocoaPods installation.\" >&2\n    exit 1\nfi\n# This output is used by Xcode 'outputs' to avoid re-running this script phase.\necho \"SUCCESS\" > \"${SCRIPT_OUTPUT_FILE_0}\"\n";
			showEnvVarsInLog = 0;
		};
		E1944541C01129F0EBAF4C69 /* [CP] Check Pods Manifest.lock */ = {
			isa = PBXShellScriptBuildPhase;
			buildActionMask = 2147483647;
			files = (
			);
			inputFileListPaths = (
			);
			inputPaths = (
				"${PODS_PODFILE_DIR_PATH}/Podfile.lock",
				"${PODS_ROOT}/Manifest.lock",
			);
			name = "[CP] Check Pods Manifest.lock";
			outputFileListPaths = (
			);
			outputPaths = (
				"$(DERIVED_FILE_DIR)/Pods-flixster-checkManifestLockResult.txt",
			);
			runOnlyForDeploymentPostprocessing = 0;
			shellPath = /bin/sh;
			shellScript = "diff \"${PODS_PODFILE_DIR_PATH}/Podfile.lock\" \"${PODS_ROOT}/Manifest.lock\" > /dev/null\nif [ $? != 0 ] ; then\n    # print error to STDERR\n    echo \"error: The sandbox is not in sync with the Podfile.lock. Run 'pod install' or update your CocoaPods installation.\" >&2\n    exit 1\nfi\n# This output is used by Xcode 'outputs' to avoid re-running this script phase.\necho \"SUCCESS\" > \"${SCRIPT_OUTPUT_FILE_0}\"\n";
			showEnvVarsInLog = 0;
		};
/* End PBXShellScriptBuildPhase section */

/* Begin PBXSourcesBuildPhase section */
		F0FF028F25A9F767005ED948 /* Sources */ = {
			isa = PBXSourcesBuildPhase;
			buildActionMask = 2147483647;
			files = (
				F071A2D025AEF39500335B91 /* MovieDetailsViewController.swift in Sources */,
				F0FF029725A9F767005ED948 /* AppDelegate.swift in Sources */,
				F0FF029925A9F767005ED948 /* SceneDelegate.swift in Sources */,
				F0FF02E225AA06FA005ED948 /* MovieCell.swift in Sources */,
				F0FF02DA25A9FE49005ED948 /* MoviesViewController.swift in Sources */,
				F071A2D525AEFC1300335B91 /* MovieGridViewController.swift in Sources */,
				F071A2DA25AF088600335B91 /* MovieGridCell.swift in Sources */,
			);
			runOnlyForDeploymentPostprocessing = 0;
		};
		F0FF02A525A9F769005ED948 /* Sources */ = {
			isa = PBXSourcesBuildPhase;
			buildActionMask = 2147483647;
			files = (
				F0FF02AE25A9F769005ED948 /* flixsterTests.swift in Sources */,
			);
			runOnlyForDeploymentPostprocessing = 0;
		};
		F0FF02B025A9F769005ED948 /* Sources */ = {
			isa = PBXSourcesBuildPhase;
			buildActionMask = 2147483647;
			files = (
				F0FF02B925A9F769005ED948 /* flixsterUITests.swift in Sources */,
			);
			runOnlyForDeploymentPostprocessing = 0;
		};
/* End PBXSourcesBuildPhase section */

/* Begin PBXTargetDependency section */
		F0FF02AB25A9F769005ED948 /* PBXTargetDependency */ = {
			isa = PBXTargetDependency;
			target = F0FF029225A9F767005ED948 /* flixster */;
			targetProxy = F0FF02AA25A9F769005ED948 /* PBXContainerItemProxy */;
		};
		F0FF02B625A9F769005ED948 /* PBXTargetDependency */ = {
			isa = PBXTargetDependency;
			target = F0FF029225A9F767005ED948 /* flixster */;
			targetProxy = F0FF02B525A9F769005ED948 /* PBXContainerItemProxy */;
		};
/* End PBXTargetDependency section */

/* Begin PBXVariantGroup section */
		F0FF029C25A9F767005ED948 /* Main.storyboard */ = {
			isa = PBXVariantGroup;
			children = (
				F0FF029D25A9F767005ED948 /* Base */,
			);
			name = Main.storyboard;
			sourceTree = "<group>";
		};
		F0FF02A125A9F769005ED948 /* LaunchScreen.storyboard */ = {
			isa = PBXVariantGroup;
			children = (
				F0FF02A225A9F769005ED948 /* Base */,
			);
			name = LaunchScreen.storyboard;
			sourceTree = "<group>";
		};
/* End PBXVariantGroup section */

/* Begin XCBuildConfiguration section */
		F0FF02BB25A9F769005ED948 /* Debug */ = {
			isa = XCBuildConfiguration;
			buildSettings = {
				ALWAYS_SEARCH_USER_PATHS = NO;
				CLANG_ANALYZER_NONNULL = YES;
				CLANG_ANALYZER_NUMBER_OBJECT_CONVERSION = YES_AGGRESSIVE;
				CLANG_CXX_LANGUAGE_STANDARD = "gnu++14";
				CLANG_CXX_LIBRARY = "libc++";
				CLANG_ENABLE_MODULES = YES;
				CLANG_ENABLE_OBJC_ARC = YES;
				CLANG_ENABLE_OBJC_WEAK = YES;
				CLANG_WARN_BLOCK_CAPTURE_AUTORELEASING = YES;
				CLANG_WARN_BOOL_CONVERSION = YES;
				CLANG_WARN_COMMA = YES;
				CLANG_WARN_CONSTANT_CONVERSION = YES;
				CLANG_WARN_DEPRECATED_OBJC_IMPLEMENTATIONS = YES;
				CLANG_WARN_DIRECT_OBJC_ISA_USAGE = YES_ERROR;
				CLANG_WARN_DOCUMENTATION_COMMENTS = YES;
				CLANG_WARN_EMPTY_BODY = YES;
				CLANG_WARN_ENUM_CONVERSION = YES;
				CLANG_WARN_INFINITE_RECURSION = YES;
				CLANG_WARN_INT_CONVERSION = YES;
				CLANG_WARN_NON_LITERAL_NULL_CONVERSION = YES;
				CLANG_WARN_OBJC_IMPLICIT_RETAIN_SELF = YES;
				CLANG_WARN_OBJC_LITERAL_CONVERSION = YES;
				CLANG_WARN_OBJC_ROOT_CLASS = YES_ERROR;
				CLANG_WARN_QUOTED_INCLUDE_IN_FRAMEWORK_HEADER = YES;
				CLANG_WARN_RANGE_LOOP_ANALYSIS = YES;
				CLANG_WARN_STRICT_PROTOTYPES = YES;
				CLANG_WARN_SUSPICIOUS_MOVE = YES;
				CLANG_WARN_UNGUARDED_AVAILABILITY = YES_AGGRESSIVE;
				CLANG_WARN_UNREACHABLE_CODE = YES;
				CLANG_WARN__DUPLICATE_METHOD_MATCH = YES;
				COPY_PHASE_STRIP = NO;
				DEBUG_INFORMATION_FORMAT = dwarf;
				ENABLE_STRICT_OBJC_MSGSEND = YES;
				ENABLE_TESTABILITY = YES;
				GCC_C_LANGUAGE_STANDARD = gnu11;
				GCC_DYNAMIC_NO_PIC = NO;
				GCC_NO_COMMON_BLOCKS = YES;
				GCC_OPTIMIZATION_LEVEL = 0;
				GCC_PREPROCESSOR_DEFINITIONS = (
					"DEBUG=1",
					"$(inherited)",
				);
				GCC_WARN_64_TO_32_BIT_CONVERSION = YES;
				GCC_WARN_ABOUT_RETURN_TYPE = YES_ERROR;
				GCC_WARN_UNDECLARED_SELECTOR = YES;
				GCC_WARN_UNINITIALIZED_AUTOS = YES_AGGRESSIVE;
				GCC_WARN_UNUSED_FUNCTION = YES;
				GCC_WARN_UNUSED_VARIABLE = YES;
				IPHONEOS_DEPLOYMENT_TARGET = 14.3;
				MTL_ENABLE_DEBUG_INFO = INCLUDE_SOURCE;
				MTL_FAST_MATH = YES;
				ONLY_ACTIVE_ARCH = YES;
				SDKROOT = iphoneos;
				SWIFT_ACTIVE_COMPILATION_CONDITIONS = DEBUG;
				SWIFT_OPTIMIZATION_LEVEL = "-Onone";
			};
			name = Debug;
		};
		F0FF02BC25A9F769005ED948 /* Release */ = {
			isa = XCBuildConfiguration;
			buildSettings = {
				ALWAYS_SEARCH_USER_PATHS = NO;
				CLANG_ANALYZER_NONNULL = YES;
				CLANG_ANALYZER_NUMBER_OBJECT_CONVERSION = YES_AGGRESSIVE;
				CLANG_CXX_LANGUAGE_STANDARD = "gnu++14";
				CLANG_CXX_LIBRARY = "libc++";
				CLANG_ENABLE_MODULES = YES;
				CLANG_ENABLE_OBJC_ARC = YES;
				CLANG_ENABLE_OBJC_WEAK = YES;
				CLANG_WARN_BLOCK_CAPTURE_AUTORELEASING = YES;
				CLANG_WARN_BOOL_CONVERSION = YES;
				CLANG_WARN_COMMA = YES;
				CLANG_WARN_CONSTANT_CONVERSION = YES;
				CLANG_WARN_DEPRECATED_OBJC_IMPLEMENTATIONS = YES;
				CLANG_WARN_DIRECT_OBJC_ISA_USAGE = YES_ERROR;
				CLANG_WARN_DOCUMENTATION_COMMENTS = YES;
				CLANG_WARN_EMPTY_BODY = YES;
				CLANG_WARN_ENUM_CONVERSION = YES;
				CLANG_WARN_INFINITE_RECURSION = YES;
				CLANG_WARN_INT_CONVERSION = YES;
				CLANG_WARN_NON_LITERAL_NULL_CONVERSION = YES;
				CLANG_WARN_OBJC_IMPLICIT_RETAIN_SELF = YES;
				CLANG_WARN_OBJC_LITERAL_CONVERSION = YES;
				CLANG_WARN_OBJC_ROOT_CLASS = YES_ERROR;
				CLANG_WARN_QUOTED_INCLUDE_IN_FRAMEWORK_HEADER = YES;
				CLANG_WARN_RANGE_LOOP_ANALYSIS = YES;
				CLANG_WARN_STRICT_PROTOTYPES = YES;
				CLANG_WARN_SUSPICIOUS_MOVE = YES;
				CLANG_WARN_UNGUARDED_AVAILABILITY = YES_AGGRESSIVE;
				CLANG_WARN_UNREACHABLE_CODE = YES;
				CLANG_WARN__DUPLICATE_METHOD_MATCH = YES;
				COPY_PHASE_STRIP = NO;
				DEBUG_INFORMATION_FORMAT = "dwarf-with-dsym";
				ENABLE_NS_ASSERTIONS = NO;
				ENABLE_STRICT_OBJC_MSGSEND = YES;
				GCC_C_LANGUAGE_STANDARD = gnu11;
				GCC_NO_COMMON_BLOCKS = YES;
				GCC_WARN_64_TO_32_BIT_CONVERSION = YES;
				GCC_WARN_ABOUT_RETURN_TYPE = YES_ERROR;
				GCC_WARN_UNDECLARED_SELECTOR = YES;
				GCC_WARN_UNINITIALIZED_AUTOS = YES_AGGRESSIVE;
				GCC_WARN_UNUSED_FUNCTION = YES;
				GCC_WARN_UNUSED_VARIABLE = YES;
				IPHONEOS_DEPLOYMENT_TARGET = 14.3;
				MTL_ENABLE_DEBUG_INFO = NO;
				MTL_FAST_MATH = YES;
				SDKROOT = iphoneos;
				SWIFT_COMPILATION_MODE = wholemodule;
				SWIFT_OPTIMIZATION_LEVEL = "-O";
				VALIDATE_PRODUCT = YES;
			};
			name = Release;
		};
		F0FF02BE25A9F769005ED948 /* Debug */ = {
			isa = XCBuildConfiguration;
			baseConfigurationReference = F11637211F2E465E43B48CDD /* Pods-flixster.debug.xcconfig */;
			buildSettings = {
				ASSETCATALOG_COMPILER_APPICON_NAME = AppIcon;
				ASSETCATALOG_COMPILER_GLOBAL_ACCENT_COLOR_NAME = AccentColor;
				CODE_SIGN_STYLE = Automatic;
				DEVELOPMENT_TEAM = UBTKR45SGB;
				INFOPLIST_FILE = flixster/Info.plist;
				LD_RUNPATH_SEARCH_PATHS = (
					"$(inherited)",
					"@executable_path/Frameworks",
				);
				PRODUCT_BUNDLE_IDENTIFIER = hcheng10.flixster;
				PRODUCT_NAME = "$(TARGET_NAME)";
				SWIFT_VERSION = 5.0;
				TARGETED_DEVICE_FAMILY = "1,2";
			};
			name = Debug;
		};
		F0FF02BF25A9F769005ED948 /* Release */ = {
			isa = XCBuildConfiguration;
			baseConfigurationReference = D9E82523A2757C6E55674758 /* Pods-flixster.release.xcconfig */;
			buildSettings = {
				ASSETCATALOG_COMPILER_APPICON_NAME = AppIcon;
				ASSETCATALOG_COMPILER_GLOBAL_ACCENT_COLOR_NAME = AccentColor;
				CODE_SIGN_STYLE = Automatic;
				DEVELOPMENT_TEAM = UBTKR45SGB;
				INFOPLIST_FILE = flixster/Info.plist;
				LD_RUNPATH_SEARCH_PATHS = (
					"$(inherited)",
					"@executable_path/Frameworks",
				);
				PRODUCT_BUNDLE_IDENTIFIER = hcheng10.flixster;
				PRODUCT_NAME = "$(TARGET_NAME)";
				SWIFT_VERSION = 5.0;
				TARGETED_DEVICE_FAMILY = "1,2";
			};
			name = Release;
		};
		F0FF02C125A9F769005ED948 /* Debug */ = {
			isa = XCBuildConfiguration;
			baseConfigurationReference = 9CFD4530F8BBF48C1A20E923 /* Pods-flixsterTests.debug.xcconfig */;
			buildSettings = {
				ALWAYS_EMBED_SWIFT_STANDARD_LIBRARIES = YES;
				BUNDLE_LOADER = "$(TEST_HOST)";
				CODE_SIGN_STYLE = Automatic;
				DEVELOPMENT_TEAM = UBTKR45SGB;
				INFOPLIST_FILE = flixsterTests/Info.plist;
				IPHONEOS_DEPLOYMENT_TARGET = 14.3;
				LD_RUNPATH_SEARCH_PATHS = (
					"$(inherited)",
					"@executable_path/Frameworks",
					"@loader_path/Frameworks",
				);
				PRODUCT_BUNDLE_IDENTIFIER = hcheng10.flixsterTests;
				PRODUCT_NAME = "$(TARGET_NAME)";
				SWIFT_VERSION = 5.0;
				TARGETED_DEVICE_FAMILY = "1,2";
				TEST_HOST = "$(BUILT_PRODUCTS_DIR)/flixster.app/flixster";
			};
			name = Debug;
		};
		F0FF02C225A9F769005ED948 /* Release */ = {
			isa = XCBuildConfiguration;
			baseConfigurationReference = 96A33556F02A933FD2777C95 /* Pods-flixsterTests.release.xcconfig */;
			buildSettings = {
				ALWAYS_EMBED_SWIFT_STANDARD_LIBRARIES = YES;
				BUNDLE_LOADER = "$(TEST_HOST)";
				CODE_SIGN_STYLE = Automatic;
				DEVELOPMENT_TEAM = UBTKR45SGB;
				INFOPLIST_FILE = flixsterTests/Info.plist;
				IPHONEOS_DEPLOYMENT_TARGET = 14.3;
				LD_RUNPATH_SEARCH_PATHS = (
					"$(inherited)",
					"@executable_path/Frameworks",
					"@loader_path/Frameworks",
				);
				PRODUCT_BUNDLE_IDENTIFIER = hcheng10.flixsterTests;
				PRODUCT_NAME = "$(TARGET_NAME)";
				SWIFT_VERSION = 5.0;
				TARGETED_DEVICE_FAMILY = "1,2";
				TEST_HOST = "$(BUILT_PRODUCTS_DIR)/flixster.app/flixster";
			};
			name = Release;
		};
		F0FF02C425A9F769005ED948 /* Debug */ = {
			isa = XCBuildConfiguration;
			baseConfigurationReference = 584E0EA6F2F7D960A765CE12 /* Pods-flixster-flixsterUITests.debug.xcconfig */;
			buildSettings = {
				ALWAYS_EMBED_SWIFT_STANDARD_LIBRARIES = YES;
				CODE_SIGN_STYLE = Automatic;
				DEVELOPMENT_TEAM = UBTKR45SGB;
				INFOPLIST_FILE = flixsterUITests/Info.plist;
				LD_RUNPATH_SEARCH_PATHS = (
					"$(inherited)",
					"@executable_path/Frameworks",
					"@loader_path/Frameworks",
				);
				PRODUCT_BUNDLE_IDENTIFIER = hcheng10.flixsterUITests;
				PRODUCT_NAME = "$(TARGET_NAME)";
				SWIFT_VERSION = 5.0;
				TARGETED_DEVICE_FAMILY = "1,2";
				TEST_TARGET_NAME = flixster;
			};
			name = Debug;
		};
		F0FF02C525A9F769005ED948 /* Release */ = {
			isa = XCBuildConfiguration;
			baseConfigurationReference = D3C52B77015606BB63CADDD1 /* Pods-flixster-flixsterUITests.release.xcconfig */;
			buildSettings = {
				ALWAYS_EMBED_SWIFT_STANDARD_LIBRARIES = YES;
				CODE_SIGN_STYLE = Automatic;
				DEVELOPMENT_TEAM = UBTKR45SGB;
				INFOPLIST_FILE = flixsterUITests/Info.plist;
				LD_RUNPATH_SEARCH_PATHS = (
					"$(inherited)",
					"@executable_path/Frameworks",
					"@loader_path/Frameworks",
				);
				PRODUCT_BUNDLE_IDENTIFIER = hcheng10.flixsterUITests;
				PRODUCT_NAME = "$(TARGET_NAME)";
				SWIFT_VERSION = 5.0;
				TARGETED_DEVICE_FAMILY = "1,2";
				TEST_TARGET_NAME = flixster;
			};
			name = Release;
		};
/* End XCBuildConfiguration section */

/* Begin XCConfigurationList section */
		F0FF028E25A9F767005ED948 /* Build configuration list for PBXProject "flixster" */ = {
			isa = XCConfigurationList;
			buildConfigurations = (
				F0FF02BB25A9F769005ED948 /* Debug */,
				F0FF02BC25A9F769005ED948 /* Release */,
			);
			defaultConfigurationIsVisible = 0;
			defaultConfigurationName = Release;
		};
		F0FF02BD25A9F769005ED948 /* Build configuration list for PBXNativeTarget "flixster" */ = {
			isa = XCConfigurationList;
			buildConfigurations = (
				F0FF02BE25A9F769005ED948 /* Debug */,
				F0FF02BF25A9F769005ED948 /* Release */,
			);
			defaultConfigurationIsVisible = 0;
			defaultConfigurationName = Release;
		};
		F0FF02C025A9F769005ED948 /* Build configuration list for PBXNativeTarget "flixsterTests" */ = {
			isa = XCConfigurationList;
			buildConfigurations = (
				F0FF02C125A9F769005ED948 /* Debug */,
				F0FF02C225A9F769005ED948 /* Release */,
			);
			defaultConfigurationIsVisible = 0;
			defaultConfigurationName = Release;
		};
		F0FF02C325A9F769005ED948 /* Build configuration list for PBXNativeTarget "flixsterUITests" */ = {
			isa = XCConfigurationList;
			buildConfigurations = (
				F0FF02C425A9F769005ED948 /* Debug */,
				F0FF02C525A9F769005ED948 /* Release */,
			);
			defaultConfigurationIsVisible = 0;
			defaultConfigurationName = Release;
		};
/* End XCConfigurationList section */
	};
	rootObject = F0FF028B25A9F767005ED948 /* Project object */;
}
